
Microsoft Visual Studio Solution File, Format Version 12.00
# Visual Studio Version 16
VisualStudioVersion = 16.0.30114.105
MinimumVisualStudioVersion = 10.0.40219.1
Project("{2150E333-8FDC-42A3-9474-1A3956D46DE8}") = "src", "src", "{190F2ACE-8466-4B4E-9F85-C05B12E2BB79}"
EndProject
Project("{FAE04EC0-301F-11D3-BF4B-00C04F79EFBC}") = "IdentityServer", "src\IdentityServer\IdentityServer.csproj", "{33C82248-38F6-4018-8B12-779541454301}"
EndProject
Global
	GlobalSection(SolutionConfigurationPlatforms) = preSolution
		Debug|Any CPU = Debug|Any CPU
		Release|Any CPU = Release|Any CPU
	EndGlobalSection
	GlobalSection(SolutionProperties) = preSolution
		HideSolutionNode = FALSE
	EndGlobalSection
	GlobalSection(ProjectConfigurationPlatforms) = postSolution
		{33C82248-38F6-4018-8B12-779541454301}.Debug|Any CPU.ActiveCfg = Debug|Any CPU
		{33C82248-38F6-4018-8B12-779541454301}.Debug|Any CPU.Build.0 = Debug|Any CPU
		{33C82248-38F6-4018-8B12-779541454301}.Release|Any CPU.ActiveCfg = Release|Any CPU
		{33C82248-38F6-4018-8B12-779541454301}.Release|Any CPU.Build.0 = Release|Any CPU
	EndGlobalSection
	GlobalSection(NestedProjects) = preSolution
		{33C82248-38F6-4018-8B12-779541454301} = {190F2ACE-8466-4B4E-9F85-C05B12E2BB79}
	EndGlobalSection
EndGlobal
